
Microsoft Visual Studio Solution File, Format Version 12.00
# Visual Studio 15
VisualStudioVersion = 15.0.26124.0
MinimumVisualStudioVersion = 15.0.26124.0
Project("{2150E333-8FDC-42A3-9474-1A3956D46DE8}") = "example", "example", "{F5E933B7-5342-44BB-ADEB-665DBE66961F}"
EndProject
Project("{9A19103F-16F7-4668-BE54-9A1E7A4F7556}") = "DemoApp", "example\DemoApp\DemoApp.csproj", "{82DE62CA-BBC0-4E5D-ABAD-B34101F4ECC6}"
EndProject
Project("{2150E333-8FDC-42A3-9474-1A3956D46DE8}") = "Solution Items", "Solution Items", "{7CBFEAB2-204E-45B0-861D-6E9919F8F01F}"
	ProjectSection(SolutionItems) = preProject
		LICENSE.txt = LICENSE.txt
		README.md = README.md
	EndProjectSection
EndProject
Project("{2150E333-8FDC-42A3-9474-1A3956D46DE8}") = "src", "src", "{9DEAFC4E-9125-483A-9BDF-936F1C3BD352}"
EndProject
Project("{2150E333-8FDC-42A3-9474-1A3956D46DE8}") = "test", "test", "{C97FB00A-DEF4-4DDF-9928-DC5A20F41AB0}"
EndProject
Project("{9A19103F-16F7-4668-BE54-9A1E7A4F7556}") = "SimpleApp", "example\SimpleApp\SimpleApp.csproj", "{03D871AF-FC52-4012-A475-A171DA71B75A}"
EndProject
Project("{9A19103F-16F7-4668-BE54-9A1E7A4F7556}") = "TroyLab.JRPC", "src\TroyLab.JRPC\TroyLab.JRPC.csproj", "{755AA445-6462-4B87-9822-A56E93E251C5}"
EndProject
Project("{9A19103F-16F7-4668-BE54-9A1E7A4F7556}") = "TroyLab.JRPC.AspNetCore", "src\TroyLab.JRPC.AspNetCore\TroyLab.JRPC.AspNetCore.csproj", "{1923F34F-E98E-466B-B2C5-B0805FE1F30B}"
EndProject
Project("{9A19103F-16F7-4668-BE54-9A1E7A4F7556}") = "TroyLab.JRPC.Tests", "test\TroyLab.JRPC.Tests\TroyLab.JRPC.Tests.csproj", "{7EA2E065-FCD2-4829-AA07-7285350A4CB4}"
EndProject
Project("{9A19103F-16F7-4668-BE54-9A1E7A4F7556}") = "TroyLab.JRPC.Client", "src\TroyLab.JRPC.Client\TroyLab.JRPC.Client.csproj", "{98596A34-AB08-426A-822F-9E75C0680324}"
EndProject
Project("{9A19103F-16F7-4668-BE54-9A1E7A4F7556}") = "TroyLab.JRPC.ClientTest", "test\TroyLab.JRPC.ClientTest\TroyLab.JRPC.ClientTest.csproj", "{D33D6298-DE63-4061-8289-A0D3FC0361B6}"
EndProject
Global
	GlobalSection(SolutionConfigurationPlatforms) = preSolution
		Debug|Any CPU = Debug|Any CPU
		Release|Any CPU = Release|Any CPU
	EndGlobalSection
	GlobalSection(ProjectConfigurationPlatforms) = postSolution
		{82DE62CA-BBC0-4E5D-ABAD-B34101F4ECC6}.Debug|Any CPU.ActiveCfg = Debug|Any CPU
		{82DE62CA-BBC0-4E5D-ABAD-B34101F4ECC6}.Debug|Any CPU.Build.0 = Debug|Any CPU
		{82DE62CA-BBC0-4E5D-ABAD-B34101F4ECC6}.Release|Any CPU.ActiveCfg = Release|Any CPU
		{82DE62CA-BBC0-4E5D-ABAD-B34101F4ECC6}.Release|Any CPU.Build.0 = Release|Any CPU
		{03D871AF-FC52-4012-A475-A171DA71B75A}.Debug|Any CPU.ActiveCfg = Debug|Any CPU
		{03D871AF-FC52-4012-A475-A171DA71B75A}.Debug|Any CPU.Build.0 = Debug|Any CPU
		{03D871AF-FC52-4012-A475-A171DA71B75A}.Release|Any CPU.ActiveCfg = Release|Any CPU
		{03D871AF-FC52-4012-A475-A171DA71B75A}.Release|Any CPU.Build.0 = Release|Any CPU
		{755AA445-6462-4B87-9822-A56E93E251C5}.Debug|Any CPU.ActiveCfg = Debug|Any CPU
		{755AA445-6462-4B87-9822-A56E93E251C5}.Debug|Any CPU.Build.0 = Debug|Any CPU
		{755AA445-6462-4B87-9822-A56E93E251C5}.Release|Any CPU.ActiveCfg = Release|Any CPU
		{755AA445-6462-4B87-9822-A56E93E251C5}.Release|Any CPU.Build.0 = Release|Any CPU
		{1923F34F-E98E-466B-B2C5-B0805FE1F30B}.Debug|Any CPU.ActiveCfg = Debug|Any CPU
		{1923F34F-E98E-466B-B2C5-B0805FE1F30B}.Debug|Any CPU.Build.0 = Debug|Any CPU
		{1923F34F-E98E-466B-B2C5-B0805FE1F30B}.Release|Any CPU.ActiveCfg = Release|Any CPU
		{1923F34F-E98E-466B-B2C5-B0805FE1F30B}.Release|Any CPU.Build.0 = Release|Any CPU
		{7EA2E065-FCD2-4829-AA07-7285350A4CB4}.Debug|Any CPU.ActiveCfg = Debug|Any CPU
		{7EA2E065-FCD2-4829-AA07-7285350A4CB4}.Debug|Any CPU.Build.0 = Debug|Any CPU
		{7EA2E065-FCD2-4829-AA07-7285350A4CB4}.Release|Any CPU.ActiveCfg = Release|Any CPU
		{7EA2E065-FCD2-4829-AA07-7285350A4CB4}.Release|Any CPU.Build.0 = Release|Any CPU
		{98596A34-AB08-426A-822F-9E75C0680324}.Debug|Any CPU.ActiveCfg = Debug|Any CPU
		{98596A34-AB08-426A-822F-9E75C0680324}.Debug|Any CPU.Build.0 = Debug|Any CPU
		{98596A34-AB08-426A-822F-9E75C0680324}.Release|Any CPU.ActiveCfg = Release|Any CPU
		{98596A34-AB08-426A-822F-9E75C0680324}.Release|Any CPU.Build.0 = Release|Any CPU
		{D33D6298-DE63-4061-8289-A0D3FC0361B6}.Debug|Any CPU.ActiveCfg = Debug|Any CPU
		{D33D6298-DE63-4061-8289-A0D3FC0361B6}.Debug|Any CPU.Build.0 = Debug|Any CPU
		{D33D6298-DE63-4061-8289-A0D3FC0361B6}.Release|Any CPU.ActiveCfg = Release|Any CPU
		{D33D6298-DE63-4061-8289-A0D3FC0361B6}.Release|Any CPU.Build.0 = Release|Any CPU
	EndGlobalSection
	GlobalSection(SolutionProperties) = preSolution
		HideSolutionNode = FALSE
	EndGlobalSection
	GlobalSection(NestedProjects) = preSolution
		{82DE62CA-BBC0-4E5D-ABAD-B34101F4ECC6} = {F5E933B7-5342-44BB-ADEB-665DBE66961F}
		{03D871AF-FC52-4012-A475-A171DA71B75A} = {F5E933B7-5342-44BB-ADEB-665DBE66961F}
		{755AA445-6462-4B87-9822-A56E93E251C5} = {9DEAFC4E-9125-483A-9BDF-936F1C3BD352}
		{1923F34F-E98E-466B-B2C5-B0805FE1F30B} = {9DEAFC4E-9125-483A-9BDF-936F1C3BD352}
		{7EA2E065-FCD2-4829-AA07-7285350A4CB4} = {C97FB00A-DEF4-4DDF-9928-DC5A20F41AB0}
		{98596A34-AB08-426A-822F-9E75C0680324} = {9DEAFC4E-9125-483A-9BDF-936F1C3BD352}
		{D33D6298-DE63-4061-8289-A0D3FC0361B6} = {C97FB00A-DEF4-4DDF-9928-DC5A20F41AB0}
	EndGlobalSection
	GlobalSection(ExtensibilityGlobals) = postSolution
		SolutionGuid = {FE6913C4-327A-4945-BC36-AF313E85376F}
	EndGlobalSection
EndGlobal
